
Microsoft Visual Studio Solution File, Format Version 12.00
# Visual Studio Version 17
VisualStudioVersion = 17.0.31903.59
MinimumVisualStudioVersion = 10.0.40219.1
Project("{FAE04EC0-301F-11D3-BF4B-00C04F79EFBC}") = "KuiperZone.Avalonia.Dialogs", "KuiperZone.Avalonia.Dialogs\KuiperZone.Avalonia.Dialogs.csproj", "{33017E0A-1BDE-4AAD-9003-2865BA65D68B}"
EndProject
Project("{FAE04EC0-301F-11D3-BF4B-00C04F79EFBC}") = "KuiperZone.Avalonia.Dialogs.Demo", "KuiperZone.Avalonia.Dialogs.Demo\KuiperZone.Avalonia.Dialogs.Demo.csproj", "{00112583-AA8C-4EFC-AC51-EAB0904A8FEE}"
EndProject
Global
	GlobalSection(SolutionConfigurationPlatforms) = preSolution
		Debug|Any CPU = Debug|Any CPU
		Release|Any CPU = Release|Any CPU
	EndGlobalSection
	GlobalSection(SolutionProperties) = preSolution
		HideSolutionNode = FALSE
	EndGlobalSection
	GlobalSection(ProjectConfigurationPlatforms) = postSolution
		{33017E0A-1BDE-4AAD-9003-2865BA65D68B}.Debug|Any CPU.ActiveCfg = Debug|Any CPU
		{33017E0A-1BDE-4AAD-9003-2865BA65D68B}.Debug|Any CPU.Build.0 = Debug|Any CPU
		{33017E0A-1BDE-4AAD-9003-2865BA65D68B}.Release|Any CPU.ActiveCfg = Release|Any CPU
		{33017E0A-1BDE-4AAD-9003-2865BA65D68B}.Release|Any CPU.Build.0 = Release|Any CPU
		{00112583-AA8C-4EFC-AC51-EAB0904A8FEE}.Debug|Any CPU.ActiveCfg = Debug|Any CPU
		{00112583-AA8C-4EFC-AC51-EAB0904A8FEE}.Debug|Any CPU.Build.0 = Debug|Any CPU
		{00112583-AA8C-4EFC-AC51-EAB0904A8FEE}.Release|Any CPU.ActiveCfg = Release|Any CPU
		{00112583-AA8C-4EFC-AC51-EAB0904A8FEE}.Release|Any CPU.Build.0 = Release|Any CPU
	EndGlobalSection
EndGlobal
